
Microsoft Visual Studio Solution File, Format Version 11.00
# Visual Studio 2010
Project("{FAE04EC0-301F-11D3-BF4B-00C04F79EFBC}") = "JNotes", "JNotes\JNotes.csproj", "{09494EFF-8654-4987-B4A3-F77F12487FCF}"
	ProjectSection(ProjectDependencies) = postProject
		{EE405A29-EDC6-45D9-8DAA-A7F792DBACF3} = {EE405A29-EDC6-45D9-8DAA-A7F792DBACF3}
	EndProjectSection
EndProject
Project("{FAE04EC0-301F-11D3-BF4B-00C04F79EFBC}") = "JNotes.Web", "JNotes.Web\JNotes.Web.csproj", "{EE405A29-EDC6-45D9-8DAA-A7F792DBACF3}"
EndProject
Global
	GlobalSection(SolutionConfigurationPlatforms) = preSolution
		Debug|Any CPU = Debug|Any CPU
		Release|Any CPU = Release|Any CPU
	EndGlobalSection
	GlobalSection(ProjectConfigurationPlatforms) = postSolution
		{09494EFF-8654-4987-B4A3-F77F12487FCF}.Debug|Any CPU.ActiveCfg = Debug|Any CPU
		{09494EFF-8654-4987-B4A3-F77F12487FCF}.Debug|Any CPU.Build.0 = Debug|Any CPU
		{09494EFF-8654-4987-B4A3-F77F12487FCF}.Release|Any CPU.ActiveCfg = Release|Any CPU
		{09494EFF-8654-4987-B4A3-F77F12487FCF}.Release|Any CPU.Build.0 = Release|Any CPU
		{EE405A29-EDC6-45D9-8DAA-A7F792DBACF3}.Debug|Any CPU.ActiveCfg = Debug|Any CPU
		{EE405A29-EDC6-45D9-8DAA-A7F792DBACF3}.Debug|Any CPU.Build.0 = Debug|Any CPU
		{EE405A29-EDC6-45D9-8DAA-A7F792DBACF3}.Release|Any CPU.ActiveCfg = Release|Any CPU
		{EE405A29-EDC6-45D9-8DAA-A7F792DBACF3}.Release|Any CPU.Build.0 = Release|Any CPU
	EndGlobalSection
	GlobalSection(SolutionProperties) = preSolution
		HideSolutionNode = FALSE
	EndGlobalSection
EndGlobal
